
Microsoft Visual Studio Solution File, Format Version 12.00
# Visual Studio Version 17
VisualStudioVersion = 17.14.37111.16
MinimumVisualStudioVersion = 10.0.40219.1
Project("{FAE04EC0-301F-11D3-BF4B-00C04F79EFBC}") = "UrlShortener", "UrlShortener.csproj", "{53B57C7F-7794-41E8-9FCE-72A659CA6885}"
EndProject
Project("{FAE04EC0-301F-11D3-BF4B-00C04F79EFBC}") = "UrlShortener.Application", "..\UrlShortener.Application\UrlShortener.Application.csproj", "{FCCC8255-7A6F-4840-B34B-36C5971A27DF}"
EndProject
Project("{FAE04EC0-301F-11D3-BF4B-00C04F79EFBC}") = "UrlShortener.Infrastructure", "..\UrlShortener.Infrastructure\UrlShortener.Infrastructure.csproj", "{AE951B31-E61E-4C30-A95B-E976F8C8309D}"
EndProject
Project("{FAE04EC0-301F-11D3-BF4B-00C04F79EFBC}") = "UrlShortener.Domain", "..\UrlShortener.Domain\UrlShortener.Domain.csproj", "{C6E2DF91-BA31-4CE8-82B2-B11112E8BFA2}"
EndProject
Global
	GlobalSection(SolutionConfigurationPlatforms) = preSolution
		Debug|Any CPU = Debug|Any CPU
		Release|Any CPU = Release|Any CPU
	EndGlobalSection
	GlobalSection(ProjectConfigurationPlatforms) = postSolution
		{53B57C7F-7794-41E8-9FCE-72A659CA6885}.Debug|Any CPU.ActiveCfg = Debug|Any CPU
		{53B57C7F-7794-41E8-9FCE-72A659CA6885}.Debug|Any CPU.Build.0 = Debug|Any CPU
		{53B57C7F-7794-41E8-9FCE-72A659CA6885}.Release|Any CPU.ActiveCfg = Release|Any CPU
		{53B57C7F-7794-41E8-9FCE-72A659CA6885}.Release|Any CPU.Build.0 = Release|Any CPU
		{FCCC8255-7A6F-4840-B34B-36C5971A27DF}.Debug|Any CPU.ActiveCfg = Debug|Any CPU
		{FCCC8255-7A6F-4840-B34B-36C5971A27DF}.Debug|Any CPU.Build.0 = Debug|Any CPU
		{FCCC8255-7A6F-4840-B34B-36C5971A27DF}.Release|Any CPU.ActiveCfg = Release|Any CPU
		{FCCC8255-7A6F-4840-B34B-36C5971A27DF}.Release|Any CPU.Build.0 = Release|Any CPU
		{AE951B31-E61E-4C30-A95B-E976F8C8309D}.Debug|Any CPU.ActiveCfg = Debug|Any CPU
		{AE951B31-E61E-4C30-A95B-E976F8C8309D}.Debug|Any CPU.Build.0 = Debug|Any CPU
		{AE951B31-E61E-4C30-A95B-E976F8C8309D}.Release|Any CPU.ActiveCfg = Release|Any CPU
		{AE951B31-E61E-4C30-A95B-E976F8C8309D}.Release|Any CPU.Build.0 = Release|Any CPU
		{C6E2DF91-BA31-4CE8-82B2-B11112E8BFA2}.Debug|Any CPU.ActiveCfg = Debug|Any CPU
		{C6E2DF91-BA31-4CE8-82B2-B11112E8BFA2}.Debug|Any CPU.Build.0 = Debug|Any CPU
		{C6E2DF91-BA31-4CE8-82B2-B11112E8BFA2}.Release|Any CPU.ActiveCfg = Release|Any CPU
		{C6E2DF91-BA31-4CE8-82B2-B11112E8BFA2}.Release|Any CPU.Build.0 = Release|Any CPU
	EndGlobalSection
	GlobalSection(SolutionProperties) = preSolution
		HideSolutionNode = FALSE
	EndGlobalSection
	GlobalSection(ExtensibilityGlobals) = postSolution
		SolutionGuid = {9DDAB306-3D7E-4A94-BDE7-B1736674979D}
	EndGlobalSection
EndGlobal
